// !$*UTF8*$!
{
	archiveVersion = 1;
	classes = {
	};
	objectVersion = 50;
	objects = {

/* Begin PBXBuildFile section */
		CEB4742325BBFB550066A99C /* AppDelegate.swift in Sources */ = {isa = PBXBuildFile; fileRef = CEB4742225BBFB550066A99C /* AppDelegate.swift */; };
		CEB4742525BBFB550066A99C /* SceneDelegate.swift in Sources */ = {isa = PBXBuildFile; fileRef = CEB4742425BBFB550066A99C /* SceneDelegate.swift */; };
		CEB4742725BBFB550066A99C /* PayForParkingViewController.swift in Sources */ = {isa = PBXBuildFile; fileRef = CEB4742625BBFB550066A99C /* PayForParkingViewController.swift */; };
		CEB4742A25BBFB550066A99C /* Main.storyboard in Resources */ = {isa = PBXBuildFile; fileRef = CEB4742825BBFB550066A99C /* Main.storyboard */; };
		CEB4742D25BBFB550066A99C /* ParkingApp.xcdatamodeld in Sources */ = {isa = PBXBuildFile; fileRef = CEB4742B25BBFB550066A99C /* ParkingApp.xcdatamodeld */; };
		CEB4742F25BBFB5A0066A99C /* Assets.xcassets in Resources */ = {isa = PBXBuildFile; fileRef = CEB4742E25BBFB5A0066A99C /* Assets.xcassets */; };
		CEB4743225BBFB5A0066A99C /* LaunchScreen.storyboard in Resources */ = {isa = PBXBuildFile; fileRef = CEB4743025BBFB5A0066A99C /* LaunchScreen.storyboard */; };
		CEB4743B25BC23CE0066A99C /* PaymentError.swift in Sources */ = {isa = PBXBuildFile; fileRef = CEB4743A25BC23CE0066A99C /* PaymentError.swift */; };
		CEB4744625BC2B990066A99C /* ParkingAppTests.swift in Sources */ = {isa = PBXBuildFile; fileRef = CEB4744525BC2B990066A99C /* ParkingAppTests.swift */; };
		CEB4745025BC2BE40066A99C /* Payment.swift in Sources */ = {isa = PBXBuildFile; fileRef = CEB4744F25BC2BE40066A99C /* Payment.swift */; };
		CEB4745425BC604D0066A99C /* MockUpData.swift in Sources */ = {isa = PBXBuildFile; fileRef = CEB4745325BC604D0066A99C /* MockUpData.swift */; };
		CEB4745E25BC89550066A99C /* ParkingHourTests.swift in Sources */ = {isa = PBXBuildFile; fileRef = CEB4745D25BC89550066A99C /* ParkingHourTests.swift */; };
/* End PBXBuildFile section */

/* Begin PBXContainerItemProxy section */
		CEB4744825BC2B990066A99C /* PBXContainerItemProxy */ = {
			isa = PBXContainerItemProxy;
			containerPortal = CEB4741725BBFB540066A99C /* Project object */;
			proxyType = 1;
			remoteGlobalIDString = CEB4741E25BBFB540066A99C;
			remoteInfo = ParkingApp;
		};
		CEB4746025BC89550066A99C /* PBXContainerItemProxy */ = {
			isa = PBXContainerItemProxy;
			containerPortal = CEB4741725BBFB540066A99C /* Project object */;
			proxyType = 1;
			remoteGlobalIDString = CEB4741E25BBFB540066A99C;
			remoteInfo = ParkingApp;
		};
/* End PBXContainerItemProxy section */

/* Begin PBXFileReference section */
		CEB4741F25BBFB550066A99C /* ParkingApp.app */ = {isa = PBXFileReference; explicitFileType = wrapper.application; includeInIndex = 0; path = ParkingApp.app; sourceTree = BUILT_PRODUCTS_DIR; };
		CEB4742225BBFB550066A99C /* AppDelegate.swift */ = {isa = PBXFileReference; lastKnownFileType = sourcecode.swift; path = AppDelegate.swift; sourceTree = "<group>"; };
		CEB4742425BBFB550066A99C /* SceneDelegate.swift */ = {isa = PBXFileReference; lastKnownFileType = sourcecode.swift; path = SceneDelegate.swift; sourceTree = "<group>"; };
		CEB4742625BBFB550066A99C /* PayForParkingViewController.swift */ = {isa = PBXFileReference; lastKnownFileType = sourcecode.swift; path = PayForParkingViewController.swift; sourceTree = "<group>"; };
		CEB4742925BBFB550066A99C /* Base */ = {isa = PBXFileReference; lastKnownFileType = file.storyboard; name = Base; path = Base.lproj/Main.storyboard; sourceTree = "<group>"; };
		CEB4742C25BBFB550066A99C /* ParkingApp.xcdatamodel */ = {isa = PBXFileReference; lastKnownFileType = wrapper.xcdatamodel; path = ParkingApp.xcdatamodel; sourceTree = "<group>"; };
		CEB4742E25BBFB5A0066A99C /* Assets.xcassets */ = {isa = PBXFileReference; lastKnownFileType = folder.assetcatalog; path = Assets.xcassets; sourceTree = "<group>"; };
		CEB4743125BBFB5A0066A99C /* Base */ = {isa = PBXFileReference; lastKnownFileType = file.storyboard; name = Base; path = Base.lproj/LaunchScreen.storyboard; sourceTree = "<group>"; };
		CEB4743325BBFB5A0066A99C /* Info.plist */ = {isa = PBXFileReference; lastKnownFileType = text.plist.xml; path = Info.plist; sourceTree = "<group>"; };
		CEB4743A25BC23CE0066A99C /* PaymentError.swift */ = {isa = PBXFileReference; lastKnownFileType = sourcecode.swift; path = PaymentError.swift; sourceTree = "<group>"; };
		CEB4744325BC2B980066A99C /* ParkingAppTests.xctest */ = {isa = PBXFileReference; explicitFileType = wrapper.cfbundle; includeInIndex = 0; path = ParkingAppTests.xctest; sourceTree = BUILT_PRODUCTS_DIR; };
		CEB4744525BC2B990066A99C /* ParkingAppTests.swift */ = {isa = PBXFileReference; lastKnownFileType = sourcecode.swift; path = ParkingAppTests.swift; sourceTree = "<group>"; };
		CEB4744725BC2B990066A99C /* Info.plist */ = {isa = PBXFileReference; lastKnownFileType = text.plist.xml; path = Info.plist; sourceTree = "<group>"; };
		CEB4744F25BC2BE40066A99C /* Payment.swift */ = {isa = PBXFileReference; lastKnownFileType = sourcecode.swift; path = Payment.swift; sourceTree = "<group>"; };
		CEB4745325BC604D0066A99C /* MockUpData.swift */ = {isa = PBXFileReference; lastKnownFileType = sourcecode.swift; path = MockUpData.swift; sourceTree = "<group>"; };
		CEB4745B25BC89550066A99C /* ParkingHourTests.xctest */ = {isa = PBXFileReference; explicitFileType = wrapper.cfbundle; includeInIndex = 0; path = ParkingHourTests.xctest; sourceTree = BUILT_PRODUCTS_DIR; };
		CEB4745D25BC89550066A99C /* ParkingHourTests.swift */ = {isa = PBXFileReference; lastKnownFileType = sourcecode.swift; path = ParkingHourTests.swift; sourceTree = "<group>"; };
		CEB4745F25BC89550066A99C /* Info.plist */ = {isa = PBXFileReference; lastKnownFileType = text.plist.xml; path = Info.plist; sourceTree = "<group>"; };
/* End PBXFileReference section */

/* Begin PBXFrameworksBuildPhase section */
		CEB4741C25BBFB540066A99C /* Frameworks */ = {
			isa = PBXFrameworksBuildPhase;
			buildActionMask = 2147483647;
			files = (
			);
			runOnlyForDeploymentPostprocessing = 0;
		};
		CEB4744025BC2B980066A99C /* Frameworks */ = {
			isa = PBXFrameworksBuildPhase;
			buildActionMask = 2147483647;
			files = (
			);
			runOnlyForDeploymentPostprocessing = 0;
		};
		CEB4745825BC89550066A99C /* Frameworks */ = {
			isa = PBXFrameworksBuildPhase;
			buildActionMask = 2147483647;
			files = (
			);
			runOnlyForDeploymentPostprocessing = 0;
		};
/* End PBXFrameworksBuildPhase section */

/* Begin PBXGroup section */
		CEB4741625BBFB540066A99C = {
			isa = PBXGroup;
			children = (
				CEB4742125BBFB550066A99C /* ParkingApp */,
				CEB4744425BC2B990066A99C /* ParkingAppTests */,
				CEB4745C25BC89550066A99C /* ParkingHourTests */,
				CEB4742025BBFB550066A99C /* Products */,
			);
			sourceTree = "<group>";
		};
		CEB4742025BBFB550066A99C /* Products */ = {
			isa = PBXGroup;
			children = (
				CEB4741F25BBFB550066A99C /* ParkingApp.app */,
				CEB4744325BC2B980066A99C /* ParkingAppTests.xctest */,
				CEB4745B25BC89550066A99C /* ParkingHourTests.xctest */,
			);
			name = Products;
			sourceTree = "<group>";
		};
		CEB4742125BBFB550066A99C /* ParkingApp */ = {
			isa = PBXGroup;
			children = (
				CEB4742225BBFB550066A99C /* AppDelegate.swift */,
				CEB4742425BBFB550066A99C /* SceneDelegate.swift */,
				CEB4742625BBFB550066A99C /* PayForParkingViewController.swift */,
				CEB4742825BBFB550066A99C /* Main.storyboard */,
				CEB4742E25BBFB5A0066A99C /* Assets.xcassets */,
				CEB4743025BBFB5A0066A99C /* LaunchScreen.storyboard */,
				CEB4743325BBFB5A0066A99C /* Info.plist */,
				CEB4742B25BBFB550066A99C /* ParkingApp.xcdatamodeld */,
				CEB4743A25BC23CE0066A99C /* PaymentError.swift */,
				CEB4744F25BC2BE40066A99C /* Payment.swift */,
				CEB4745325BC604D0066A99C /* MockUpData.swift */,
			);
			path = ParkingApp;
			sourceTree = "<group>";
		};
		CEB4744425BC2B990066A99C /* ParkingAppTests */ = {
			isa = PBXGroup;
			children = (
				CEB4744525BC2B990066A99C /* ParkingAppTests.swift */,
				CEB4744725BC2B990066A99C /* Info.plist */,
			);
			path = ParkingAppTests;
			sourceTree = "<group>";
		};
		CEB4745C25BC89550066A99C /* ParkingHourTests */ = {
			isa = PBXGroup;
			children = (
				CEB4745D25BC89550066A99C /* ParkingHourTests.swift */,
				CEB4745F25BC89550066A99C /* Info.plist */,
			);
			path = ParkingHourTests;
			sourceTree = "<group>";
		};
/* End PBXGroup section */

/* Begin PBXNativeTarget section */
		CEB4741E25BBFB540066A99C /* ParkingApp */ = {
			isa = PBXNativeTarget;
			buildConfigurationList = CEB4743625BBFB5A0066A99C /* Build configuration list for PBXNativeTarget "ParkingApp" */;
			buildPhases = (
				CEB4741B25BBFB540066A99C /* Sources */,
				CEB4741C25BBFB540066A99C /* Frameworks */,
				CEB4741D25BBFB540066A99C /* Resources */,
			);
			buildRules = (
			);
			dependencies = (
			);
			name = ParkingApp;
			productName = ParkingApp;
			productReference = CEB4741F25BBFB550066A99C /* ParkingApp.app */;
			productType = "com.apple.product-type.application";
		};
		CEB4744225BC2B980066A99C /* ParkingAppTests */ = {
			isa = PBXNativeTarget;
			buildConfigurationList = CEB4744A25BC2B990066A99C /* Build configuration list for PBXNativeTarget "ParkingAppTests" */;
			buildPhases = (
				CEB4743F25BC2B980066A99C /* Sources */,
				CEB4744025BC2B980066A99C /* Frameworks */,
				CEB4744125BC2B980066A99C /* Resources */,
			);
			buildRules = (
			);
			dependencies = (
				CEB4744925BC2B990066A99C /* PBXTargetDependency */,
			);
			name = ParkingAppTests;
			productName = ParkingAppTests;
			productReference = CEB4744325BC2B980066A99C /* ParkingAppTests.xctest */;
			productType = "com.apple.product-type.bundle.unit-test";
		};
		CEB4745A25BC89550066A99C /* ParkingHourTests */ = {
			isa = PBXNativeTarget;
			buildConfigurationList = CEB4746225BC89550066A99C /* Build configuration list for PBXNativeTarget "ParkingHourTests" */;
			buildPhases = (
				CEB4745725BC89550066A99C /* Sources */,
				CEB4745825BC89550066A99C /* Frameworks */,
				CEB4745925BC89550066A99C /* Resources */,
			);
			buildRules = (
			);
			dependencies = (
				CEB4746125BC89550066A99C /* PBXTargetDependency */,
			);
			name = ParkingHourTests;
			productName = ParkingHourTests;
			productReference = CEB4745B25BC89550066A99C /* ParkingHourTests.xctest */;
			productType = "com.apple.product-type.bundle.unit-test";
		};
/* End PBXNativeTarget section */

/* Begin PBXProject section */
		CEB4741725BBFB540066A99C /* Project object */ = {
			isa = PBXProject;
			attributes = {
				LastSwiftUpdateCheck = 1230;
				LastUpgradeCheck = 1230;
				TargetAttributes = {
					CEB4741E25BBFB540066A99C = {
						CreatedOnToolsVersion = 12.3;
					};
					CEB4744225BC2B980066A99C = {
						CreatedOnToolsVersion = 12.3;
						TestTargetID = CEB4741E25BBFB540066A99C;
					};
					CEB4745A25BC89550066A99C = {
						CreatedOnToolsVersion = 12.3;
						TestTargetID = CEB4741E25BBFB540066A99C;
					};
				};
			};
			buildConfigurationList = CEB4741A25BBFB540066A99C /* Build configuration list for PBXProject "ParkingApp" */;
			compatibilityVersion = "Xcode 9.3";
			developmentRegion = en;
			hasScannedForEncodings = 0;
			knownRegions = (
				en,
				Base,
			);
			mainGroup = CEB4741625BBFB540066A99C;
			productRefGroup = CEB4742025BBFB550066A99C /* Products */;
			projectDirPath = "";
			projectRoot = "";
			targets = (
				CEB4741E25BBFB540066A99C /* ParkingApp */,
				CEB4744225BC2B980066A99C /* ParkingAppTests */,
				CEB4745A25BC89550066A99C /* ParkingHourTests */,
			);
		};
/* End PBXProject section */

/* Begin PBXResourcesBuildPhase section */
		CEB4741D25BBFB540066A99C /* Resources */ = {
			isa = PBXResourcesBuildPhase;
			buildActionMask = 2147483647;
			files = (
				CEB4743225BBFB5A0066A99C /* LaunchScreen.storyboard in Resources */,
				CEB4742F25BBFB5A0066A99C /* Assets.xcassets in Resources */,
				CEB4742A25BBFB550066A99C /* Main.storyboard in Resources */,
			);
			runOnlyForDeploymentPostprocessing = 0;
		};
		CEB4744125BC2B980066A99C /* Resources */ = {
			isa = PBXResourcesBuildPhase;
			buildActionMask = 2147483647;
			files = (
			);
			runOnlyForDeploymentPostprocessing = 0;
		};
		CEB4745925BC89550066A99C /* Resources */ = {
			isa = PBXResourcesBuildPhase;
			buildActionMask = 2147483647;
			files = (
			);
			runOnlyForDeploymentPostprocessing = 0;
		};
/* End PBXResourcesBuildPhase section */

/* Begin PBXSourcesBuildPhase section */
		CEB4741B25BBFB540066A99C /* Sources */ = {
			isa = PBXSourcesBuildPhase;
			buildActionMask = 2147483647;
			files = (
				CEB4743B25BC23CE0066A99C /* PaymentError.swift in Sources */,
				CEB4742D25BBFB550066A99C /* ParkingApp.xcdatamodeld in Sources */,
				CEB4742725BBFB550066A99C /* PayForParkingViewController.swift in Sources */,
				CEB4745425BC604D0066A99C /* MockUpData.swift in Sources */,
				CEB4742325BBFB550066A99C /* AppDelegate.swift in Sources */,
				CEB4745025BC2BE40066A99C /* Payment.swift in Sources */,
				CEB4742525BBFB550066A99C /* SceneDelegate.swift in Sources */,
			);
			runOnlyForDeploymentPostprocessing = 0;
		};
		CEB4743F25BC2B980066A99C /* Sources */ = {
			isa = PBXSourcesBuildPhase;
			buildActionMask = 2147483647;
			files = (
				CEB4744625BC2B990066A99C /* ParkingAppTests.swift in Sources */,
			);
			runOnlyForDeploymentPostprocessing = 0;
		};
		CEB4745725BC89550066A99C /* Sources */ = {
			isa = PBXSourcesBuildPhase;
			buildActionMask = 2147483647;
			files = (
				CEB4745E25BC89550066A99C /* ParkingHourTests.swift in Sources */,
			);
			runOnlyForDeploymentPostprocessing = 0;
		};
/* End PBXSourcesBuildPhase section */

/* Begin PBXTargetDependency section */
		CEB4744925BC2B990066A99C /* PBXTargetDependency */ = {
			isa = PBXTargetDependency;
			target = CEB4741E25BBFB540066A99C /* ParkingApp */;
			targetProxy = CEB4744825BC2B990066A99C /* PBXContainerItemProxy */;
		};
		CEB4746125BC89550066A99C /* PBXTargetDependency */ = {
			isa = PBXTargetDependency;
			target = CEB4741E25BBFB540066A99C /* ParkingApp */;
			targetProxy = CEB4746025BC89550066A99C /* PBXContainerItemProxy */;
		};
/* End PBXTargetDependency section */

/* Begin PBXVariantGroup section */
		CEB4742825BBFB550066A99C /* Main.storyboard */ = {
			isa = PBXVariantGroup;
			children = (
				CEB4742925BBFB550066A99C /* Base */,
			);
			name = Main.storyboard;
			sourceTree = "<group>";
		};
		CEB4743025BBFB5A0066A99C /* LaunchScreen.storyboard */ = {
			isa = PBXVariantGroup;
			children = (
				CEB4743125BBFB5A0066A99C /* Base */,
			);
			name = LaunchScreen.storyboard;
			sourceTree = "<group>";
		};
/* End PBXVariantGroup section */

/* Begin XCBuildConfiguration section */
		CEB4743425BBFB5A0066A99C /* Debug */ = {
			isa = XCBuildConfiguration;
			buildSettings = {
				ALWAYS_SEARCH_USER_PATHS = NO;
				CLANG_ANALYZER_NONNULL = YES;
				CLANG_ANALYZER_NUMBER_OBJECT_CONVERSION = YES_AGGRESSIVE;
				CLANG_CXX_LANGUAGE_STANDARD = "gnu++14";
				CLANG_CXX_LIBRARY = "libc++";
				CLANG_ENABLE_MODULES = YES;
				CLANG_ENABLE_OBJC_ARC = YES;
				CLANG_ENABLE_OBJC_WEAK = YES;
				CLANG_WARN_BLOCK_CAPTURE_AUTORELEASING = YES;
				CLANG_WARN_BOOL_CONVERSION = YES;
				CLANG_WARN_COMMA = YES;
				CLANG_WARN_CONSTANT_CONVERSION = YES;
				CLANG_WARN_DEPRECATED_OBJC_IMPLEMENTATIONS = YES;
				CLANG_WARN_DIRECT_OBJC_ISA_USAGE = YES_ERROR;
				CLANG_WARN_DOCUMENTATION_COMMENTS = YES;
				CLANG_WARN_EMPTY_BODY = YES;
				CLANG_WARN_ENUM_CONVERSION = YES;
				CLANG_WARN_INFINITE_RECURSION = YES;
				CLANG_WARN_INT_CONVERSION = YES;
				CLANG_WARN_NON_LITERAL_NULL_CONVERSION = YES;
				CLANG_WARN_OBJC_IMPLICIT_RETAIN_SELF = YES;
				CLANG_WARN_OBJC_LITERAL_CONVERSION = YES;
				CLANG_WARN_OBJC_ROOT_CLASS = YES_ERROR;
				CLANG_WARN_QUOTED_INCLUDE_IN_FRAMEWORK_HEADER = YES;
				CLANG_WARN_RANGE_LOOP_ANALYSIS = YES;
				CLANG_WARN_STRICT_PROTOTYPES = YES;
				CLANG_WARN_SUSPICIOUS_MOVE = YES;
				CLANG_WARN_UNGUARDED_AVAILABILITY = YES_AGGRESSIVE;
				CLANG_WARN_UNREACHABLE_CODE = YES;
				CLANG_WARN__DUPLICATE_METHOD_MATCH = YES;
				COPY_PHASE_STRIP = NO;
				DEBUG_INFORMATION_FORMAT = dwarf;
				ENABLE_STRICT_OBJC_MSGSEND = YES;
				ENABLE_TESTABILITY = YES;
				GCC_C_LANGUAGE_STANDARD = gnu11;
				GCC_DYNAMIC_NO_PIC = NO;
				GCC_NO_COMMON_BLOCKS = YES;
				GCC_OPTIMIZATION_LEVEL = 0;
				GCC_PREPROCESSOR_DEFINITIONS = (
					"DEBUG=1",
					"$(inherited)",
				);
				GCC_WARN_64_TO_32_BIT_CONVERSION = YES;
				GCC_WARN_ABOUT_RETURN_TYPE = YES_ERROR;
				GCC_WARN_UNDECLARED_SELECTOR = YES;
				GCC_WARN_UNINITIALIZED_AUTOS = YES_AGGRESSIVE;
				GCC_WARN_UNUSED_FUNCTION = YES;
				GCC_WARN_UNUSED_VARIABLE = YES;
				IPHONEOS_DEPLOYMENT_TARGET = 14.3;
				MTL_ENABLE_DEBUG_INFO = INCLUDE_SOURCE;
				MTL_FAST_MATH = YES;
				ONLY_ACTIVE_ARCH = YES;
				SDKROOT = iphoneos;
				SWIFT_ACTIVE_COMPILATION_CONDITIONS = DEBUG;
				SWIFT_OPTIMIZATION_LEVEL = "-Onone";
			};
			name = Debug;
		};
		CEB4743525BBFB5A0066A99C /* Release */ = {
			isa = XCBuildConfiguration;
			buildSettings = {
				ALWAYS_SEARCH_USER_PATHS = NO;
				CLANG_ANALYZER_NONNULL = YES;
				CLANG_ANALYZER_NUMBER_OBJECT_CONVERSION = YES_AGGRESSIVE;
				CLANG_CXX_LANGUAGE_STANDARD = "gnu++14";
				CLANG_CXX_LIBRARY = "libc++";
				CLANG_ENABLE_MODULES = YES;
				CLANG_ENABLE_OBJC_ARC = YES;
				CLANG_ENABLE_OBJC_WEAK = YES;
				CLANG_WARN_BLOCK_CAPTURE_AUTORELEASING = YES;
				CLANG_WARN_BOOL_CONVERSION = YES;
				CLANG_WARN_COMMA = YES;
				CLANG_WARN_CONSTANT_CONVERSION = YES;
				CLANG_WARN_DEPRECATED_OBJC_IMPLEMENTATIONS = YES;
				CLANG_WARN_DIRECT_OBJC_ISA_USAGE = YES_ERROR;
				CLANG_WARN_DOCUMENTATION_COMMENTS = YES;
				CLANG_WARN_EMPTY_BODY = YES;
				CLANG_WARN_ENUM_CONVERSION = YES;
				CLANG_WARN_INFINITE_RECURSION = YES;
				CLANG_WARN_INT_CONVERSION = YES;
				CLANG_WARN_NON_LITERAL_NULL_CONVERSION = YES;
				CLANG_WARN_OBJC_IMPLICIT_RETAIN_SELF = YES;
				CLANG_WARN_OBJC_LITERAL_CONVERSION = YES;
				CLANG_WARN_OBJC_ROOT_CLASS = YES_ERROR;
				CLANG_WARN_QUOTED_INCLUDE_IN_FRAMEWORK_HEADER = YES;
				CLANG_WARN_RANGE_LOOP_ANALYSIS = YES;
				CLANG_WARN_STRICT_PROTOTYPES = YES;
				CLANG_WARN_SUSPICIOUS_MOVE = YES;
				CLANG_WARN_UNGUARDED_AVAILABILITY = YES_AGGRESSIVE;
				CLANG_WARN_UNREACHABLE_CODE = YES;
				CLANG_WARN__DUPLICATE_METHOD_MATCH = YES;
				COPY_PHASE_STRIP = NO;
				DEBUG_INFORMATION_FORMAT = "dwarf-with-dsym";
				ENABLE_NS_ASSERTIONS = NO;
				ENABLE_STRICT_OBJC_MSGSEND = YES;
				GCC_C_LANGUAGE_STANDARD = gnu11;
				GCC_NO_COMMON_BLOCKS = YES;
				GCC_WARN_64_TO_32_BIT_CONVERSION = YES;
				GCC_WARN_ABOUT_RETURN_TYPE = YES_ERROR;
				GCC_WARN_UNDECLARED_SELECTOR = YES;
				GCC_WARN_UNINITIALIZED_AUTOS = YES_AGGRESSIVE;
				GCC_WARN_UNUSED_FUNCTION = YES;
				GCC_WARN_UNUSED_VARIABLE = YES;
				IPHONEOS_DEPLOYMENT_TARGET = 14.3;
				MTL_ENABLE_DEBUG_INFO = NO;
				MTL_FAST_MATH = YES;
				SDKROOT = iphoneos;
				SWIFT_COMPILATION_MODE = wholemodule;
				SWIFT_OPTIMIZATION_LEVEL = "-O";
				VALIDATE_PRODUCT = YES;
			};
			name = Release;
		};
		CEB4743725BBFB5A0066A99C /* Debug */ = {
			isa = XCBuildConfiguration;
			buildSettings = {
				ASSETCATALOG_COMPILER_APPICON_NAME = AppIcon;
				ASSETCATALOG_COMPILER_GLOBAL_ACCENT_COLOR_NAME = AccentColor;
				CODE_SIGN_STYLE = Automatic;
				DEVELOPMENT_TEAM = 33W4J75NUM;
				INFOPLIST_FILE = ParkingApp/Info.plist;
				LD_RUNPATH_SEARCH_PATHS = (
					"$(inherited)",
					"@executable_path/Frameworks",
				);
				PRODUCT_BUNDLE_IDENTIFIER = com.codenamerhu.ParkingApp;
				PRODUCT_NAME = "$(TARGET_NAME)";
				SWIFT_VERSION = 5.0;
				TARGETED_DEVICE_FAMILY = "1,2";
			};
			name = Debug;
		};
		CEB4743825BBFB5A0066A99C /* Release */ = {
			isa = XCBuildConfiguration;
			buildSettings = {
				ASSETCATALOG_COMPILER_APPICON_NAME = AppIcon;
				ASSETCATALOG_COMPILER_GLOBAL_ACCENT_COLOR_NAME = AccentColor;
				CODE_SIGN_STYLE = Automatic;
				DEVELOPMENT_TEAM = 33W4J75NUM;
				INFOPLIST_FILE = ParkingApp/Info.plist;
				LD_RUNPATH_SEARCH_PATHS = (
					"$(inherited)",
					"@executable_path/Frameworks",
				);
				PRODUCT_BUNDLE_IDENTIFIER = com.codenamerhu.ParkingApp;
				PRODUCT_NAME = "$(TARGET_NAME)";
				SWIFT_VERSION = 5.0;
				TARGETED_DEVICE_FAMILY = "1,2";
			};
			name = Release;
		};
		CEB4744B25BC2B990066A99C /* Debug */ = {
			isa = XCBuildConfiguration;
			buildSettings = {
				BUNDLE_LOADER = "$(TEST_HOST)";
				CODE_SIGN_STYLE = Automatic;
				DEVELOPMENT_TEAM = 33W4J75NUM;
				INFOPLIST_FILE = ParkingAppTests/Info.plist;
				LD_RUNPATH_SEARCH_PATHS = (
					"$(inherited)",
					"@executable_path/Frameworks",
					"@loader_path/Frameworks",
				);
				PRODUCT_BUNDLE_IDENTIFIER = com.codenamerhu.ParkingAppTests;
				PRODUCT_NAME = "$(TARGET_NAME)";
				SWIFT_VERSION = 5.0;
				TARGETED_DEVICE_FAMILY = "1,2";
				TEST_HOST = "$(BUILT_PRODUCTS_DIR)/ParkingApp.app/ParkingApp";
			};
			name = Debug;
		};
		CEB4744C25BC2B990066A99C /* Release */ = {
			isa = XCBuildConfiguration;
			buildSettings = {
				BUNDLE_LOADER = "$(TEST_HOST)";
				CODE_SIGN_STYLE = Automatic;
				DEVELOPMENT_TEAM = 33W4J75NUM;
				INFOPLIST_FILE = ParkingAppTests/Info.plist;
				LD_RUNPATH_SEARCH_PATHS = (
					"$(inherited)",
					"@executable_path/Frameworks",
					"@loader_path/Frameworks",
				);
				PRODUCT_BUNDLE_IDENTIFIER = com.codenamerhu.ParkingAppTests;
				PRODUCT_NAME = "$(TARGET_NAME)";
				SWIFT_VERSION = 5.0;
				TARGETED_DEVICE_FAMILY = "1,2";
				TEST_HOST = "$(BUILT_PRODUCTS_DIR)/ParkingApp.app/ParkingApp";
			};
			name = Release;
		};
		CEB4746325BC89550066A99C /* Debug */ = {
			isa = XCBuildConfiguration;
			buildSettings = {
				BUNDLE_LOADER = "$(TEST_HOST)";
				CODE_SIGN_STYLE = Automatic;
				DEVELOPMENT_TEAM = 33W4J75NUM;
				INFOPLIST_FILE = ParkingHourTests/Info.plist;
				LD_RUNPATH_SEARCH_PATHS = (
					"$(inherited)",
					"@executable_path/Frameworks",
					"@loader_path/Frameworks",
				);
				PRODUCT_BUNDLE_IDENTIFIER = com.codenamerhu.ParkingHourTests;
				PRODUCT_NAME = "$(TARGET_NAME)";
				SWIFT_VERSION = 5.0;
				TARGETED_DEVICE_FAMILY = "1,2";
				TEST_HOST = "$(BUILT_PRODUCTS_DIR)/ParkingApp.app/ParkingApp";
			};
			name = Debug;
		};
		CEB4746425BC89550066A99C /* Release */ = {
			isa = XCBuildConfiguration;
			buildSettings = {
				BUNDLE_LOADER = "$(TEST_HOST)";
				CODE_SIGN_STYLE = Automatic;
				DEVELOPMENT_TEAM = 33W4J75NUM;
				INFOPLIST_FILE = ParkingHourTests/Info.plist;
				LD_RUNPATH_SEARCH_PATHS = (
					"$(inherited)",
					"@executable_path/Frameworks",
					"@loader_path/Frameworks",
				);
				PRODUCT_BUNDLE_IDENTIFIER = com.codenamerhu.ParkingHourTests;
				PRODUCT_NAME = "$(TARGET_NAME)";
				SWIFT_VERSION = 5.0;
				TARGETED_DEVICE_FAMILY = "1,2";
				TEST_HOST = "$(BUILT_PRODUCTS_DIR)/ParkingApp.app/ParkingApp";
			};
			name = Release;
		};
/* End XCBuildConfiguration section */

/* Begin XCConfigurationList section */
		CEB4741A25BBFB540066A99C /* Build configuration list for PBXProject "ParkingApp" */ = {
			isa = XCConfigurationList;
			buildConfigurations = (
				CEB4743425BBFB5A0066A99C /* Debug */,
				CEB4743525BBFB5A0066A99C /* Release */,
			);
			defaultConfigurationIsVisible = 0;
			defaultConfigurationName = Release;
		};
		CEB4743625BBFB5A0066A99C /* Build configuration list for PBXNativeTarget "ParkingApp" */ = {
			isa = XCConfigurationList;
			buildConfigurations = (
				CEB4743725BBFB5A0066A99C /* Debug */,
				CEB4743825BBFB5A0066A99C /* Release */,
			);
			defaultConfigurationIsVisible = 0;
			defaultConfigurationName = Release;
		};
		CEB4744A25BC2B990066A99C /* Build configuration list for PBXNativeTarget "ParkingAppTests" */ = {
			isa = XCConfigurationList;
			buildConfigurations = (
				CEB4744B25BC2B990066A99C /* Debug */,
				CEB4744C25BC2B990066A99C /* Release */,
			);
			defaultConfigurationIsVisible = 0;
			defaultConfigurationName = Release;
		};
		CEB4746225BC89550066A99C /* Build configuration list for PBXNativeTarget "ParkingHourTests" */ = {
			isa = XCConfigurationList;
			buildConfigurations = (
				CEB4746325BC89550066A99C /* Debug */,
				CEB4746425BC89550066A99C /* Release */,
			);
			defaultConfigurationIsVisible = 0;
			defaultConfigurationName = Release;
		};
/* End XCConfigurationList section */

/* Begin XCVersionGroup section */
		CEB4742B25BBFB550066A99C /* ParkingApp.xcdatamodeld */ = {
			isa = XCVersionGroup;
			children = (
				CEB4742C25BBFB550066A99C /* ParkingApp.xcdatamodel */,
			);
			currentVersion = CEB4742C25BBFB550066A99C /* ParkingApp.xcdatamodel */;
			path = ParkingApp.xcdatamodeld;
			sourceTree = "<group>";
			versionGroupType = wrapper.xcdatamodel;
		};
/* End XCVersionGroup section */
	};
	rootObject = CEB4741725BBFB540066A99C /* Project object */;
}
